
Microsoft Visual Studio Solution File, Format Version 12.00
# Visual Studio Version 17
VisualStudioVersion = 17.10.35013.160
MinimumVisualStudioVersion = 10.0.40219.1
Project("{9A19103F-16F7-4668-BE54-9A1E7A4F7556}") = "C43-G05-ADV03", "C43-G05-ADV03\C43-G05-ADV03.csproj", "{10A95D83-BD94-44DD-9DFE-D061BDD0F24F}"
EndProject
Project("{FAE04EC0-301F-11D3-BF4B-00C04F79EFBC}") = "Assigment", "Assigment\Assigment.csproj", "{D4487DB1-37F2-4D65-8C6D-DBA1E0A8F693}"
EndProject
Global
	GlobalSection(SolutionConfigurationPlatforms) = preSolution
		Debug|Any CPU = Debug|Any CPU
		Release|Any CPU = Release|Any CPU
	EndGlobalSection
	GlobalSection(ProjectConfigurationPlatforms) = postSolution
		{10A95D83-BD94-44DD-9DFE-D061BDD0F24F}.Debug|Any CPU.ActiveCfg = Debug|Any CPU
		{10A95D83-BD94-44DD-9DFE-D061BDD0F24F}.Debug|Any CPU.Build.0 = Debug|Any CPU
		{10A95D83-BD94-44DD-9DFE-D061BDD0F24F}.Release|Any CPU.ActiveCfg = Release|Any CPU
		{10A95D83-BD94-44DD-9DFE-D061BDD0F24F}.Release|Any CPU.Build.0 = Release|Any CPU
		{D4487DB1-37F2-4D65-8C6D-DBA1E0A8F693}.Debug|Any CPU.ActiveCfg = Debug|Any CPU
		{D4487DB1-37F2-4D65-8C6D-DBA1E0A8F693}.Debug|Any CPU.Build.0 = Debug|Any CPU
		{D4487DB1-37F2-4D65-8C6D-DBA1E0A8F693}.Release|Any CPU.ActiveCfg = Release|Any CPU
		{D4487DB1-37F2-4D65-8C6D-DBA1E0A8F693}.Release|Any CPU.Build.0 = Release|Any CPU
	EndGlobalSection
	GlobalSection(SolutionProperties) = preSolution
		HideSolutionNode = FALSE
	EndGlobalSection
	GlobalSection(ExtensibilityGlobals) = postSolution
		SolutionGuid = {B4F24E9A-3628-4640-95BE-3443F1BC2339}
	EndGlobalSection
EndGlobal
